
Microsoft Visual Studio Solution File, Format Version 12.00
# Visual Studio 15
VisualStudioVersion = 15.0.28307.539
MinimumVisualStudioVersion = 10.0.40219.1
Project("{FAE04EC0-301F-11D3-BF4B-00C04F79EFBC}") = "CRUD_Razor", "CRUD_Razor\CRUD_Razor.csproj", "{AD651B60-88C8-4F01-80A0-E6D1D0381C1F}"
EndProject
Global
	GlobalSection(SolutionConfigurationPlatforms) = preSolution
		Debug|Any CPU = Debug|Any CPU
		Release|Any CPU = Release|Any CPU
	EndGlobalSection
	GlobalSection(ProjectConfigurationPlatforms) = postSolution
		{AD651B60-88C8-4F01-80A0-E6D1D0381C1F}.Debug|Any CPU.ActiveCfg = Debug|Any CPU
		{AD651B60-88C8-4F01-80A0-E6D1D0381C1F}.Debug|Any CPU.Build.0 = Debug|Any CPU
		{AD651B60-88C8-4F01-80A0-E6D1D0381C1F}.Release|Any CPU.ActiveCfg = Release|Any CPU
		{AD651B60-88C8-4F01-80A0-E6D1D0381C1F}.Release|Any CPU.Build.0 = Release|Any CPU
	EndGlobalSection
	GlobalSection(SolutionProperties) = preSolution
		HideSolutionNode = FALSE
	EndGlobalSection
	GlobalSection(ExtensibilityGlobals) = postSolution
		SolutionGuid = {118E3F83-68D4-41D5-83E2-D481157C8A38}
	EndGlobalSection
EndGlobal
